// !$*UTF8*$!
{
	archiveVersion = 1;
	classes = {
	};
	objectVersion = 46;
	objects = {

/* Begin PBXBuildFile section */
		7F938E158270A30F45066A92 /* libPods-WeiBo.a in Frameworks */ = {isa = PBXBuildFile; fileRef = 60DBB83F3D674B80F9218191 /* libPods-WeiBo.a */; };
		84BC18F21EF25DBF00D1C53A /* AppDelegate.swift in Sources */ = {isa = PBXBuildFile; fileRef = 84BC18F11EF25DBF00D1C53A /* AppDelegate.swift */; };
		84BC18F91EF25DBF00D1C53A /* Assets.xcassets in Resources */ = {isa = PBXBuildFile; fileRef = 84BC18F81EF25DBF00D1C53A /* Assets.xcassets */; };
		84BC18FC1EF25DBF00D1C53A /* LaunchScreen.storyboard in Resources */ = {isa = PBXBuildFile; fileRef = 84BC18FA1EF25DBF00D1C53A /* LaunchScreen.storyboard */; };
		84BC19071EF25DBF00D1C53A /* WeiBoTests.swift in Sources */ = {isa = PBXBuildFile; fileRef = 84BC19061EF25DBF00D1C53A /* WeiBoTests.swift */; };
		84BC19121EF25DBF00D1C53A /* WeiBoUITests.swift in Sources */ = {isa = PBXBuildFile; fileRef = 84BC19111EF25DBF00D1C53A /* WeiBoUITests.swift */; };
		84BC198E1EF27E2F00D1C53A /* NSArray+Log.m in Sources */ = {isa = PBXBuildFile; fileRef = 84BC196A1EF27E2F00D1C53A /* NSArray+Log.m */; };
		84BC198F1EF27E2F00D1C53A /* NSAttributedString+CZAdditon.m in Sources */ = {isa = PBXBuildFile; fileRef = 84BC196C1EF27E2F00D1C53A /* NSAttributedString+CZAdditon.m */; };
		84BC19901EF27E2F00D1C53A /* NSObject+CZRuntime.m in Sources */ = {isa = PBXBuildFile; fileRef = 84BC196E1EF27E2F00D1C53A /* NSObject+CZRuntime.m */; };
		84BC19911EF27E2F00D1C53A /* NSString+CZBase64.m in Sources */ = {isa = PBXBuildFile; fileRef = 84BC19701EF27E2F00D1C53A /* NSString+CZBase64.m */; };
		84BC19921EF27E2F00D1C53A /* NSString+CZHash.m in Sources */ = {isa = PBXBuildFile; fileRef = 84BC19721EF27E2F00D1C53A /* NSString+CZHash.m */; };
		84BC19931EF27E2F00D1C53A /* NSString+CZPath.m in Sources */ = {isa = PBXBuildFile; fileRef = 84BC19741EF27E2F00D1C53A /* NSString+CZPath.m */; };
		84BC19941EF27E2F00D1C53A /* UIButton+CZAddition.m in Sources */ = {isa = PBXBuildFile; fileRef = 84BC19761EF27E2F00D1C53A /* UIButton+CZAddition.m */; };
		84BC19951EF27E2F00D1C53A /* UIColor+CZAddition.m in Sources */ = {isa = PBXBuildFile; fileRef = 84BC19781EF27E2F00D1C53A /* UIColor+CZAddition.m */; };
		84BC19961EF27E2F00D1C53A /* UILabel+CZAddition.m in Sources */ = {isa = PBXBuildFile; fileRef = 84BC197A1EF27E2F00D1C53A /* UILabel+CZAddition.m */; };
		84BC19971EF27E2F00D1C53A /* UIScreen+CZAddition.m in Sources */ = {isa = PBXBuildFile; fileRef = 84BC197C1EF27E2F00D1C53A /* UIScreen+CZAddition.m */; };
		84BC19981EF27E2F00D1C53A /* UIView+CZAddition.m in Sources */ = {isa = PBXBuildFile; fileRef = 84BC197E1EF27E2F00D1C53A /* UIView+CZAddition.m */; };
		84BC19991EF27E2F00D1C53A /* UIViewController+CZAddition.m in Sources */ = {isa = PBXBuildFile; fileRef = 84BC19801EF27E2F00D1C53A /* UIViewController+CZAddition.m */; };
		84BC199A1EF27E2F00D1C53A /* HWBDiscoverViewController.swift in Sources */ = {isa = PBXBuildFile; fileRef = 84BC19831EF27E2F00D1C53A /* HWBDiscoverViewController.swift */; };
		84BC199B1EF27E2F00D1C53A /* HWBHomeViewController.swift in Sources */ = {isa = PBXBuildFile; fileRef = 84BC19851EF27E2F00D1C53A /* HWBHomeViewController.swift */; };
		84BC199C1EF27E2F00D1C53A /* HWBBaseViewController.swift in Sources */ = {isa = PBXBuildFile; fileRef = 84BC19871EF27E2F00D1C53A /* HWBBaseViewController.swift */; };
		84BC199D1EF27E2F00D1C53A /* HWBMainTabBarVC.swift in Sources */ = {isa = PBXBuildFile; fileRef = 84BC19881EF27E2F00D1C53A /* HWBMainTabBarVC.swift */; };
		84BC199E1EF27E2F00D1C53A /* HWBMessageViewController.swift in Sources */ = {isa = PBXBuildFile; fileRef = 84BC198A1EF27E2F00D1C53A /* HWBMessageViewController.swift */; };
		84BC199F1EF27E2F00D1C53A /* HWBProfileViewController.swift in Sources */ = {isa = PBXBuildFile; fileRef = 84BC198C1EF27E2F00D1C53A /* HWBProfileViewController.swift */; };
/* End PBXBuildFile section */

/* Begin PBXContainerItemProxy section */
		84BC19031EF25DBF00D1C53A /* PBXContainerItemProxy */ = {
			isa = PBXContainerItemProxy;
			containerPortal = 84BC18E61EF25DBF00D1C53A /* Project object */;
			proxyType = 1;
			remoteGlobalIDString = 84BC18ED1EF25DBF00D1C53A;
			remoteInfo = WeiBo;
		};
		84BC190E1EF25DBF00D1C53A /* PBXContainerItemProxy */ = {
			isa = PBXContainerItemProxy;
			containerPortal = 84BC18E61EF25DBF00D1C53A /* Project object */;
			proxyType = 1;
			remoteGlobalIDString = 84BC18ED1EF25DBF00D1C53A;
			remoteInfo = WeiBo;
		};
/* End PBXContainerItemProxy section */

/* Begin PBXFileReference section */
		60DBB83F3D674B80F9218191 /* libPods-WeiBo.a */ = {isa = PBXFileReference; explicitFileType = archive.ar; includeInIndex = 0; path = "libPods-WeiBo.a"; sourceTree = BUILT_PRODUCTS_DIR; };
		84BC18EE1EF25DBF00D1C53A /* WeiBo.app */ = {isa = PBXFileReference; explicitFileType = wrapper.application; includeInIndex = 0; path = WeiBo.app; sourceTree = BUILT_PRODUCTS_DIR; };
		84BC18F11EF25DBF00D1C53A /* AppDelegate.swift */ = {isa = PBXFileReference; lastKnownFileType = sourcecode.swift; path = AppDelegate.swift; sourceTree = "<group>"; };
		84BC18F81EF25DBF00D1C53A /* Assets.xcassets */ = {isa = PBXFileReference; lastKnownFileType = folder.assetcatalog; path = Assets.xcassets; sourceTree = "<group>"; };
		84BC18FB1EF25DBF00D1C53A /* Base */ = {isa = PBXFileReference; lastKnownFileType = file.storyboard; name = Base; path = Base.lproj/LaunchScreen.storyboard; sourceTree = "<group>"; };
		84BC18FD1EF25DBF00D1C53A /* Info.plist */ = {isa = PBXFileReference; lastKnownFileType = text.plist.xml; path = Info.plist; sourceTree = "<group>"; };
		84BC19021EF25DBF00D1C53A /* WeiBoTests.xctest */ = {isa = PBXFileReference; explicitFileType = wrapper.cfbundle; includeInIndex = 0; path = WeiBoTests.xctest; sourceTree = BUILT_PRODUCTS_DIR; };
		84BC19061EF25DBF00D1C53A /* WeiBoTests.swift */ = {isa = PBXFileReference; lastKnownFileType = sourcecode.swift; path = WeiBoTests.swift; sourceTree = "<group>"; };
		84BC19081EF25DBF00D1C53A /* Info.plist */ = {isa = PBXFileReference; lastKnownFileType = text.plist.xml; path = Info.plist; sourceTree = "<group>"; };
		84BC190D1EF25DBF00D1C53A /* WeiBoUITests.xctest */ = {isa = PBXFileReference; explicitFileType = wrapper.cfbundle; includeInIndex = 0; path = WeiBoUITests.xctest; sourceTree = BUILT_PRODUCTS_DIR; };
		84BC19111EF25DBF00D1C53A /* WeiBoUITests.swift */ = {isa = PBXFileReference; lastKnownFileType = sourcecode.swift; path = WeiBoUITests.swift; sourceTree = "<group>"; };
		84BC19131EF25DBF00D1C53A /* Info.plist */ = {isa = PBXFileReference; lastKnownFileType = text.plist.xml; path = Info.plist; sourceTree = "<group>"; };
		84BC19681EF27E2F00D1C53A /* CZAdditions.h */ = {isa = PBXFileReference; fileEncoding = 4; lastKnownFileType = sourcecode.c.h; path = CZAdditions.h; sourceTree = "<group>"; };
		84BC19691EF27E2F00D1C53A /* NSArray+Log.h */ = {isa = PBXFileReference; fileEncoding = 4; lastKnownFileType = sourcecode.c.h; path = "NSArray+Log.h"; sourceTree = "<group>"; };
		84BC196A1EF27E2F00D1C53A /* NSArray+Log.m */ = {isa = PBXFileReference; fileEncoding = 4; lastKnownFileType = sourcecode.c.objc; path = "NSArray+Log.m"; sourceTree = "<group>"; };
		84BC196B1EF27E2F00D1C53A /* NSAttributedString+CZAdditon.h */ = {isa = PBXFileReference; fileEncoding = 4; lastKnownFileType = sourcecode.c.h; path = "NSAttributedString+CZAdditon.h"; sourceTree = "<group>"; };
		84BC196C1EF27E2F00D1C53A /* NSAttributedString+CZAdditon.m */ = {isa = PBXFileReference; fileEncoding = 4; lastKnownFileType = sourcecode.c.objc; path = "NSAttributedString+CZAdditon.m"; sourceTree = "<group>"; };
		84BC196D1EF27E2F00D1C53A /* NSObject+CZRuntime.h */ = {isa = PBXFileReference; fileEncoding = 4; lastKnownFileType = sourcecode.c.h; path = "NSObject+CZRuntime.h"; sourceTree = "<group>"; };
		84BC196E1EF27E2F00D1C53A /* NSObject+CZRuntime.m */ = {isa = PBXFileReference; fileEncoding = 4; lastKnownFileType = sourcecode.c.objc; path = "NSObject+CZRuntime.m"; sourceTree = "<group>"; };
		84BC196F1EF27E2F00D1C53A /* NSString+CZBase64.h */ = {isa = PBXFileReference; fileEncoding = 4; lastKnownFileType = sourcecode.c.h; path = "NSString+CZBase64.h"; sourceTree = "<group>"; };
		84BC19701EF27E2F00D1C53A /* NSString+CZBase64.m */ = {isa = PBXFileReference; fileEncoding = 4; lastKnownFileType = sourcecode.c.objc; path = "NSString+CZBase64.m"; sourceTree = "<group>"; };
		84BC19711EF27E2F00D1C53A /* NSString+CZHash.h */ = {isa = PBXFileReference; fileEncoding = 4; lastKnownFileType = sourcecode.c.h; path = "NSString+CZHash.h"; sourceTree = "<group>"; };
		84BC19721EF27E2F00D1C53A /* NSString+CZHash.m */ = {isa = PBXFileReference; fileEncoding = 4; lastKnownFileType = sourcecode.c.objc; path = "NSString+CZHash.m"; sourceTree = "<group>"; };
		84BC19731EF27E2F00D1C53A /* NSString+CZPath.h */ = {isa = PBXFileReference; fileEncoding = 4; lastKnownFileType = sourcecode.c.h; path = "NSString+CZPath.h"; sourceTree = "<group>"; };
		84BC19741EF27E2F00D1C53A /* NSString+CZPath.m */ = {isa = PBXFileReference; fileEncoding = 4; lastKnownFileType = sourcecode.c.objc; path = "NSString+CZPath.m"; sourceTree = "<group>"; };
		84BC19751EF27E2F00D1C53A /* UIButton+CZAddition.h */ = {isa = PBXFileReference; fileEncoding = 4; lastKnownFileType = sourcecode.c.h; path = "UIButton+CZAddition.h"; sourceTree = "<group>"; };
		84BC19761EF27E2F00D1C53A /* UIButton+CZAddition.m */ = {isa = PBXFileReference; fileEncoding = 4; lastKnownFileType = sourcecode.c.objc; path = "UIButton+CZAddition.m"; sourceTree = "<group>"; };
		84BC19771EF27E2F00D1C53A /* UIColor+CZAddition.h */ = {isa = PBXFileReference; fileEncoding = 4; lastKnownFileType = sourcecode.c.h; path = "UIColor+CZAddition.h"; sourceTree = "<group>"; };
		84BC19781EF27E2F00D1C53A /* UIColor+CZAddition.m */ = {isa = PBXFileReference; fileEncoding = 4; lastKnownFileType = sourcecode.c.objc; path = "UIColor+CZAddition.m"; sourceTree = "<group>"; };
		84BC19791EF27E2F00D1C53A /* UILabel+CZAddition.h */ = {isa = PBXFileReference; fileEncoding = 4; lastKnownFileType = sourcecode.c.h; path = "UILabel+CZAddition.h"; sourceTree = "<group>"; };
		84BC197A1EF27E2F00D1C53A /* UILabel+CZAddition.m */ = {isa = PBXFileReference; fileEncoding = 4; lastKnownFileType = sourcecode.c.objc; path = "UILabel+CZAddition.m"; sourceTree = "<group>"; };
		84BC197B1EF27E2F00D1C53A /* UIScreen+CZAddition.h */ = {isa = PBXFileReference; fileEncoding = 4; lastKnownFileType = sourcecode.c.h; path = "UIScreen+CZAddition.h"; sourceTree = "<group>"; };
		84BC197C1EF27E2F00D1C53A /* UIScreen+CZAddition.m */ = {isa = PBXFileReference; fileEncoding = 4; lastKnownFileType = sourcecode.c.objc; path = "UIScreen+CZAddition.m"; sourceTree = "<group>"; };
		84BC197D1EF27E2F00D1C53A /* UIView+CZAddition.h */ = {isa = PBXFileReference; fileEncoding = 4; lastKnownFileType = sourcecode.c.h; path = "UIView+CZAddition.h"; sourceTree = "<group>"; };
		84BC197E1EF27E2F00D1C53A /* UIView+CZAddition.m */ = {isa = PBXFileReference; fileEncoding = 4; lastKnownFileType = sourcecode.c.objc; path = "UIView+CZAddition.m"; sourceTree = "<group>"; };
		84BC197F1EF27E2F00D1C53A /* UIViewController+CZAddition.h */ = {isa = PBXFileReference; fileEncoding = 4; lastKnownFileType = sourcecode.c.h; path = "UIViewController+CZAddition.h"; sourceTree = "<group>"; };
		84BC19801EF27E2F00D1C53A /* UIViewController+CZAddition.m */ = {isa = PBXFileReference; fileEncoding = 4; lastKnownFileType = sourcecode.c.objc; path = "UIViewController+CZAddition.m"; sourceTree = "<group>"; };
		84BC19831EF27E2F00D1C53A /* HWBDiscoverViewController.swift */ = {isa = PBXFileReference; fileEncoding = 4; lastKnownFileType = sourcecode.swift; path = HWBDiscoverViewController.swift; sourceTree = "<group>"; };
		84BC19851EF27E2F00D1C53A /* HWBHomeViewController.swift */ = {isa = PBXFileReference; fileEncoding = 4; lastKnownFileType = sourcecode.swift; path = HWBHomeViewController.swift; sourceTree = "<group>"; };
		84BC19871EF27E2F00D1C53A /* HWBBaseViewController.swift */ = {isa = PBXFileReference; fileEncoding = 4; lastKnownFileType = sourcecode.swift; path = HWBBaseViewController.swift; sourceTree = "<group>"; };
		84BC19881EF27E2F00D1C53A /* HWBMainTabBarVC.swift */ = {isa = PBXFileReference; fileEncoding = 4; lastKnownFileType = sourcecode.swift; path = HWBMainTabBarVC.swift; sourceTree = "<group>"; };
		84BC198A1EF27E2F00D1C53A /* HWBMessageViewController.swift */ = {isa = PBXFileReference; fileEncoding = 4; lastKnownFileType = sourcecode.swift; path = HWBMessageViewController.swift; sourceTree = "<group>"; };
		84BC198C1EF27E2F00D1C53A /* HWBProfileViewController.swift */ = {isa = PBXFileReference; fileEncoding = 4; lastKnownFileType = sourcecode.swift; path = HWBProfileViewController.swift; sourceTree = "<group>"; };
		84BC19A01EF27EE900D1C53A /* WeiBo-Bridge.h */ = {isa = PBXFileReference; lastKnownFileType = sourcecode.c.h; path = "WeiBo-Bridge.h"; sourceTree = "<group>"; };
		88C1EE4FE57CAC2583CE9820 /* Pods-WeiBo.debug.xcconfig */ = {isa = PBXFileReference; includeInIndex = 1; lastKnownFileType = text.xcconfig; name = "Pods-WeiBo.debug.xcconfig"; path = "Pods/Target Support Files/Pods-WeiBo/Pods-WeiBo.debug.xcconfig"; sourceTree = "<group>"; };
		A670D16908B6026874016E52 /* Pods-WeiBo.release.xcconfig */ = {isa = PBXFileReference; includeInIndex = 1; lastKnownFileType = text.xcconfig; name = "Pods-WeiBo.release.xcconfig"; path = "Pods/Target Support Files/Pods-WeiBo/Pods-WeiBo.release.xcconfig"; sourceTree = "<group>"; };
/* End PBXFileReference section */

/* Begin PBXFrameworksBuildPhase section */
		84BC18EB1EF25DBF00D1C53A /* Frameworks */ = {
			isa = PBXFrameworksBuildPhase;
			buildActionMask = 2147483647;
			files = (
				7F938E158270A30F45066A92 /* libPods-WeiBo.a in Frameworks */,
			);
			runOnlyForDeploymentPostprocessing = 0;
		};
		84BC18FF1EF25DBF00D1C53A /* Frameworks */ = {
			isa = PBXFrameworksBuildPhase;
			buildActionMask = 2147483647;
			files = (
			);
			runOnlyForDeploymentPostprocessing = 0;
		};
		84BC190A1EF25DBF00D1C53A /* Frameworks */ = {
			isa = PBXFrameworksBuildPhase;
			buildActionMask = 2147483647;
			files = (
			);
			runOnlyForDeploymentPostprocessing = 0;
		};
/* End PBXFrameworksBuildPhase section */

/* Begin PBXGroup section */
		84BC18E51EF25DBF00D1C53A = {
			isa = PBXGroup;
			children = (
				84BC18F01EF25DBF00D1C53A /* WeiBo */,
				84BC19051EF25DBF00D1C53A /* WeiBoTests */,
				84BC19101EF25DBF00D1C53A /* WeiBoUITests */,
				84BC18EF1EF25DBF00D1C53A /* Products */,
				C8BFDE3C991C0CC9E29F3EEC /* Pods */,
				D9574618C3B6765CDCDCE2C0 /* Frameworks */,
			);
			sourceTree = "<group>";
		};
		84BC18EF1EF25DBF00D1C53A /* Products */ = {
			isa = PBXGroup;
			children = (
				84BC18EE1EF25DBF00D1C53A /* WeiBo.app */,
				84BC19021EF25DBF00D1C53A /* WeiBoTests.xctest */,
				84BC190D1EF25DBF00D1C53A /* WeiBoUITests.xctest */,
			);
			name = Products;
			sourceTree = "<group>";
		};
		84BC18F01EF25DBF00D1C53A /* WeiBo */ = {
			isa = PBXGroup;
			children = (
				84BC19641EF27E2F00D1C53A /* Classes */,
				84BC18F11EF25DBF00D1C53A /* AppDelegate.swift */,
				84BC19A01EF27EE900D1C53A /* WeiBo-Bridge.h */,
				84BC18F81EF25DBF00D1C53A /* Assets.xcassets */,
				84BC18FA1EF25DBF00D1C53A /* LaunchScreen.storyboard */,
				84BC18FD1EF25DBF00D1C53A /* Info.plist */,
			);
			path = WeiBo;
			sourceTree = "<group>";
		};
		84BC19051EF25DBF00D1C53A /* WeiBoTests */ = {
			isa = PBXGroup;
			children = (
				84BC19061EF25DBF00D1C53A /* WeiBoTests.swift */,
				84BC19081EF25DBF00D1C53A /* Info.plist */,
			);
			path = WeiBoTests;
			sourceTree = "<group>";
		};
		84BC19101EF25DBF00D1C53A /* WeiBoUITests */ = {
			isa = PBXGroup;
			children = (
				84BC19111EF25DBF00D1C53A /* WeiBoUITests.swift */,
				84BC19131EF25DBF00D1C53A /* Info.plist */,
			);
			path = WeiBoUITests;
			sourceTree = "<group>";
		};
		84BC19641EF27E2F00D1C53A /* Classes */ = {
			isa = PBXGroup;
			children = (
				84BC19651EF27E2F00D1C53A /* Model */,
				84BC19661EF27E2F00D1C53A /* Tools */,
				84BC19811EF27E2F00D1C53A /* View */,
				84BC198D1EF27E2F00D1C53A /* ViewModel */,
			);
			path = Classes;
			sourceTree = "<group>";
		};
		84BC19651EF27E2F00D1C53A /* Model */ = {
			isa = PBXGroup;
			children = (
			);
			path = Model;
			sourceTree = "<group>";
		};
		84BC19661EF27E2F00D1C53A /* Tools */ = {
			isa = PBXGroup;
			children = (
				84BC19671EF27E2F00D1C53A /* Additions */,
			);
			path = Tools;
			sourceTree = "<group>";
		};
		84BC19671EF27E2F00D1C53A /* Additions */ = {
			isa = PBXGroup;
			children = (
				84BC19681EF27E2F00D1C53A /* CZAdditions.h */,
				84BC19691EF27E2F00D1C53A /* NSArray+Log.h */,
				84BC196A1EF27E2F00D1C53A /* NSArray+Log.m */,
				84BC196B1EF27E2F00D1C53A /* NSAttributedString+CZAdditon.h */,
				84BC196C1EF27E2F00D1C53A /* NSAttributedString+CZAdditon.m */,
				84BC196D1EF27E2F00D1C53A /* NSObject+CZRuntime.h */,
				84BC196E1EF27E2F00D1C53A /* NSObject+CZRuntime.m */,
				84BC196F1EF27E2F00D1C53A /* NSString+CZBase64.h */,
				84BC19701EF27E2F00D1C53A /* NSString+CZBase64.m */,
				84BC19711EF27E2F00D1C53A /* NSString+CZHash.h */,
				84BC19721EF27E2F00D1C53A /* NSString+CZHash.m */,
				84BC19731EF27E2F00D1C53A /* NSString+CZPath.h */,
				84BC19741EF27E2F00D1C53A /* NSString+CZPath.m */,
				84BC19751EF27E2F00D1C53A /* UIButton+CZAddition.h */,
				84BC19761EF27E2F00D1C53A /* UIButton+CZAddition.m */,
				84BC19771EF27E2F00D1C53A /* UIColor+CZAddition.h */,
				84BC19781EF27E2F00D1C53A /* UIColor+CZAddition.m */,
				84BC19791EF27E2F00D1C53A /* UILabel+CZAddition.h */,
				84BC197A1EF27E2F00D1C53A /* UILabel+CZAddition.m */,
				84BC197B1EF27E2F00D1C53A /* UIScreen+CZAddition.h */,
				84BC197C1EF27E2F00D1C53A /* UIScreen+CZAddition.m */,
				84BC197D1EF27E2F00D1C53A /* UIView+CZAddition.h */,
				84BC197E1EF27E2F00D1C53A /* UIView+CZAddition.m */,
				84BC197F1EF27E2F00D1C53A /* UIViewController+CZAddition.h */,
				84BC19801EF27E2F00D1C53A /* UIViewController+CZAddition.m */,
			);
			path = Additions;
			sourceTree = "<group>";
		};
		84BC19811EF27E2F00D1C53A /* View */ = {
			isa = PBXGroup;
			children = (
				84BC19821EF27E2F00D1C53A /* Discover */,
				84BC19841EF27E2F00D1C53A /* Home */,
				84BC19861EF27E2F00D1C53A /* Main */,
				84BC19891EF27E2F00D1C53A /* Message */,
				84BC198B1EF27E2F00D1C53A /* Profile */,
			);
			path = View;
			sourceTree = "<group>";
		};
		84BC19821EF27E2F00D1C53A /* Discover */ = {
			isa = PBXGroup;
			children = (
				84BC19831EF27E2F00D1C53A /* HWBDiscoverViewController.swift */,
			);
			path = Discover;
			sourceTree = "<group>";
		};
		84BC19841EF27E2F00D1C53A /* Home */ = {
			isa = PBXGroup;
			children = (
				84BC19851EF27E2F00D1C53A /* HWBHomeViewController.swift */,
			);
			path = Home;
			sourceTree = "<group>";
		};
		84BC19861EF27E2F00D1C53A /* Main */ = {
			isa = PBXGroup;
			children = (
				84BC19871EF27E2F00D1C53A /* HWBBaseViewController.swift */,
				84BC19881EF27E2F00D1C53A /* HWBMainTabBarVC.swift */,
			);
			path = Main;
			sourceTree = "<group>";
		};
		84BC19891EF27E2F00D1C53A /* Message */ = {
			isa = PBXGroup;
			children = (
				84BC198A1EF27E2F00D1C53A /* HWBMessageViewController.swift */,
			);
			path = Message;
			sourceTree = "<group>";
		};
		84BC198B1EF27E2F00D1C53A /* Profile */ = {
			isa = PBXGroup;
			children = (
				84BC198C1EF27E2F00D1C53A /* HWBProfileViewController.swift */,
			);
			path = Profile;
			sourceTree = "<group>";
		};
		84BC198D1EF27E2F00D1C53A /* ViewModel */ = {
			isa = PBXGroup;
			children = (
			);
			path = ViewModel;
			sourceTree = "<group>";
		};
		C8BFDE3C991C0CC9E29F3EEC /* Pods */ = {
			isa = PBXGroup;
			children = (
				88C1EE4FE57CAC2583CE9820 /* Pods-WeiBo.debug.xcconfig */,
				A670D16908B6026874016E52 /* Pods-WeiBo.release.xcconfig */,
			);
			name = Pods;
			sourceTree = "<group>";
		};
		D9574618C3B6765CDCDCE2C0 /* Frameworks */ = {
			isa = PBXGroup;
			children = (
				60DBB83F3D674B80F9218191 /* libPods-WeiBo.a */,
			);
			name = Frameworks;
			sourceTree = "<group>";
		};
/* End PBXGroup section */

/* Begin PBXNativeTarget section */
		84BC18ED1EF25DBF00D1C53A /* WeiBo */ = {
			isa = PBXNativeTarget;
			buildConfigurationList = 84BC19161EF25DBF00D1C53A /* Build configuration list for PBXNativeTarget "WeiBo" */;
			buildPhases = (
				C1E20AEBEB4D05CB78B3D9A5 /* [CP] Check Pods Manifest.lock */,
				84BC18EA1EF25DBF00D1C53A /* Sources */,
				84BC18EB1EF25DBF00D1C53A /* Frameworks */,
				84BC18EC1EF25DBF00D1C53A /* Resources */,
				315D7F153B18B127DA029136 /* [CP] Embed Pods Frameworks */,
				74077428CDA00E6898B8A2FF /* [CP] Copy Pods Resources */,
			);
			buildRules = (
			);
			dependencies = (
			);
			name = WeiBo;
			productName = WeiBo;
			productReference = 84BC18EE1EF25DBF00D1C53A /* WeiBo.app */;
			productType = "com.apple.product-type.application";
		};
		84BC19011EF25DBF00D1C53A /* WeiBoTests */ = {
			isa = PBXNativeTarget;
			buildConfigurationList = 84BC19191EF25DBF00D1C53A /* Build configuration list for PBXNativeTarget "WeiBoTests" */;
			buildPhases = (
				84BC18FE1EF25DBF00D1C53A /* Sources */,
				84BC18FF1EF25DBF00D1C53A /* Frameworks */,
				84BC19001EF25DBF00D1C53A /* Resources */,
			);
			buildRules = (
			);
			dependencies = (
				84BC19041EF25DBF00D1C53A /* PBXTargetDependency */,
			);
			name = WeiBoTests;
			productName = WeiBoTests;
			productReference = 84BC19021EF25DBF00D1C53A /* WeiBoTests.xctest */;
			productType = "com.apple.product-type.bundle.unit-test";
		};
		84BC190C1EF25DBF00D1C53A /* WeiBoUITests */ = {
			isa = PBXNativeTarget;
			buildConfigurationList = 84BC191C1EF25DBF00D1C53A /* Build configuration list for PBXNativeTarget "WeiBoUITests" */;
			buildPhases = (
				84BC19091EF25DBF00D1C53A /* Sources */,
				84BC190A1EF25DBF00D1C53A /* Frameworks */,
				84BC190B1EF25DBF00D1C53A /* Resources */,
			);
			buildRules = (
			);
			dependencies = (
				84BC190F1EF25DBF00D1C53A /* PBXTargetDependency */,
			);
			name = WeiBoUITests;
			productName = WeiBoUITests;
			productReference = 84BC190D1EF25DBF00D1C53A /* WeiBoUITests.xctest */;
			productType = "com.apple.product-type.bundle.ui-testing";
		};
/* End PBXNativeTarget section */

/* Begin PBXProject section */
		84BC18E61EF25DBF00D1C53A /* Project object */ = {
			isa = PBXProject;
			attributes = {
				LastSwiftUpdateCheck = 0830;
				LastUpgradeCheck = 0830;
				ORGANIZATIONNAME = Admin;
				TargetAttributes = {
					84BC18ED1EF25DBF00D1C53A = {
						CreatedOnToolsVersion = 8.3.3;
						DevelopmentTeam = 6UB4948UM9;
						ProvisioningStyle = Automatic;
					};
					84BC19011EF25DBF00D1C53A = {
						CreatedOnToolsVersion = 8.3.3;
						ProvisioningStyle = Automatic;
						TestTargetID = 84BC18ED1EF25DBF00D1C53A;
					};
					84BC190C1EF25DBF00D1C53A = {
						CreatedOnToolsVersion = 8.3.3;
						ProvisioningStyle = Automatic;
						TestTargetID = 84BC18ED1EF25DBF00D1C53A;
					};
				};
			};
			buildConfigurationList = 84BC18E91EF25DBF00D1C53A /* Build configuration list for PBXProject "WeiBo" */;
			compatibilityVersion = "Xcode 3.2";
			developmentRegion = English;
			hasScannedForEncodings = 0;
			knownRegions = (
				en,
				Base,
			);
			mainGroup = 84BC18E51EF25DBF00D1C53A;
			productRefGroup = 84BC18EF1EF25DBF00D1C53A /* Products */;
			projectDirPath = "";
			projectRoot = "";
			targets = (
				84BC18ED1EF25DBF00D1C53A /* WeiBo */,
				84BC19011EF25DBF00D1C53A /* WeiBoTests */,
				84BC190C1EF25DBF00D1C53A /* WeiBoUITests */,
			);
		};
/* End PBXProject section */

/* Begin PBXResourcesBuildPhase section */
		84BC18EC1EF25DBF00D1C53A /* Resources */ = {
			isa = PBXResourcesBuildPhase;
			buildActionMask = 2147483647;
			files = (
				84BC18FC1EF25DBF00D1C53A /* LaunchScreen.storyboard in Resources */,
				84BC18F91EF25DBF00D1C53A /* Assets.xcassets in Resources */,
			);
			runOnlyForDeploymentPostprocessing = 0;
		};
		84BC19001EF25DBF00D1C53A /* Resources */ = {
			isa = PBXResourcesBuildPhase;
			buildActionMask = 2147483647;
			files = (
			);
			runOnlyForDeploymentPostprocessing = 0;
		};
		84BC190B1EF25DBF00D1C53A /* Resources */ = {
			isa = PBXResourcesBuildPhase;
			buildActionMask = 2147483647;
			files = (
			);
			runOnlyForDeploymentPostprocessing = 0;
		};
/* End PBXResourcesBuildPhase section */

/* Begin PBXShellScriptBuildPhase section */
		315D7F153B18B127DA029136 /* [CP] Embed Pods Frameworks */ = {
			isa = PBXShellScriptBuildPhase;
			buildActionMask = 2147483647;
			files = (
			);
			inputPaths = (
			);
			name = "[CP] Embed Pods Frameworks";
			outputPaths = (
			);
			runOnlyForDeploymentPostprocessing = 0;
			shellPath = /bin/sh;
			shellScript = "\"${SRCROOT}/Pods/Target Support Files/Pods-WeiBo/Pods-WeiBo-frameworks.sh\"\n";
			showEnvVarsInLog = 0;
		};
		74077428CDA00E6898B8A2FF /* [CP] Copy Pods Resources */ = {
			isa = PBXShellScriptBuildPhase;
			buildActionMask = 2147483647;
			files = (
			);
			inputPaths = (
			);
			name = "[CP] Copy Pods Resources";
			outputPaths = (
			);
			runOnlyForDeploymentPostprocessing = 0;
			shellPath = /bin/sh;
			shellScript = "\"${SRCROOT}/Pods/Target Support Files/Pods-WeiBo/Pods-WeiBo-resources.sh\"\n";
			showEnvVarsInLog = 0;
		};
		C1E20AEBEB4D05CB78B3D9A5 /* [CP] Check Pods Manifest.lock */ = {
			isa = PBXShellScriptBuildPhase;
			buildActionMask = 2147483647;
			files = (
			);
			inputPaths = (
			);
			name = "[CP] Check Pods Manifest.lock";
			outputPaths = (
			);
			runOnlyForDeploymentPostprocessing = 0;
			shellPath = /bin/sh;
			shellScript = "diff \"${PODS_PODFILE_DIR_PATH}/Podfile.lock\" \"${PODS_ROOT}/Manifest.lock\" > /dev/null\nif [ $? != 0 ] ; then\n    # print error to STDERR\n    echo \"error: The sandbox is not in sync with the Podfile.lock. Run 'pod install' or update your CocoaPods installation.\" >&2\n    exit 1\nfi\n";
			showEnvVarsInLog = 0;
		};
/* End PBXShellScriptBuildPhase section */

/* Begin PBXSourcesBuildPhase section */
		84BC18EA1EF25DBF00D1C53A /* Sources */ = {
			isa = PBXSourcesBuildPhase;
			buildActionMask = 2147483647;
			files = (
				84BC19951EF27E2F00D1C53A /* UIColor+CZAddition.m in Sources */,
				84BC198F1EF27E2F00D1C53A /* NSAttributedString+CZAdditon.m in Sources */,
				84BC199F1EF27E2F00D1C53A /* HWBProfileViewController.swift in Sources */,
				84BC199C1EF27E2F00D1C53A /* HWBBaseViewController.swift in Sources */,
				84BC199A1EF27E2F00D1C53A /* HWBDiscoverViewController.swift in Sources */,
				84BC199E1EF27E2F00D1C53A /* HWBMessageViewController.swift in Sources */,
				84BC19931EF27E2F00D1C53A /* NSString+CZPath.m in Sources */,
				84BC198E1EF27E2F00D1C53A /* NSArray+Log.m in Sources */,
				84BC19941EF27E2F00D1C53A /* UIButton+CZAddition.m in Sources */,
				84BC19981EF27E2F00D1C53A /* UIView+CZAddition.m in Sources */,
				84BC19921EF27E2F00D1C53A /* NSString+CZHash.m in Sources */,
				84BC19961EF27E2F00D1C53A /* UILabel+CZAddition.m in Sources */,
				84BC19911EF27E2F00D1C53A /* NSString+CZBase64.m in Sources */,
				84BC19901EF27E2F00D1C53A /* NSObject+CZRuntime.m in Sources */,
				84BC19991EF27E2F00D1C53A /* UIViewController+CZAddition.m in Sources */,
				84BC19971EF27E2F00D1C53A /* UIScreen+CZAddition.m in Sources */,
				84BC199D1EF27E2F00D1C53A /* HWBMainTabBarVC.swift in Sources */,
				84BC18F21EF25DBF00D1C53A /* AppDelegate.swift in Sources */,
				84BC199B1EF27E2F00D1C53A /* HWBHomeViewController.swift in Sources */,
			);
			runOnlyForDeploymentPostprocessing = 0;
		};
		84BC18FE1EF25DBF00D1C53A /* Sources */ = {
			isa = PBXSourcesBuildPhase;
			buildActionMask = 2147483647;
			files = (
				84BC19071EF25DBF00D1C53A /* WeiBoTests.swift in Sources */,
			);
			runOnlyForDeploymentPostprocessing = 0;
		};
		84BC19091EF25DBF00D1C53A /* Sources */ = {
			isa = PBXSourcesBuildPhase;
			buildActionMask = 2147483647;
			files = (
				84BC19121EF25DBF00D1C53A /* WeiBoUITests.swift in Sources */,
			);
			runOnlyForDeploymentPostprocessing = 0;
		};
/* End PBXSourcesBuildPhase section */

/* Begin PBXTargetDependency section */
		84BC19041EF25DBF00D1C53A /* PBXTargetDependency */ = {
			isa = PBXTargetDependency;
			target = 84BC18ED1EF25DBF00D1C53A /* WeiBo */;
			targetProxy = 84BC19031EF25DBF00D1C53A /* PBXContainerItemProxy */;
		};
		84BC190F1EF25DBF00D1C53A /* PBXTargetDependency */ = {
			isa = PBXTargetDependency;
			target = 84BC18ED1EF25DBF00D1C53A /* WeiBo */;
			targetProxy = 84BC190E1EF25DBF00D1C53A /* PBXContainerItemProxy */;
		};
/* End PBXTargetDependency section */

/* Begin PBXVariantGroup section */
		84BC18FA1EF25DBF00D1C53A /* LaunchScreen.storyboard */ = {
			isa = PBXVariantGroup;
			children = (
				84BC18FB1EF25DBF00D1C53A /* Base */,
			);
			name = LaunchScreen.storyboard;
			sourceTree = "<group>";
		};
/* End PBXVariantGroup section */

/* Begin XCBuildConfiguration section */
		84BC19141EF25DBF00D1C53A /* Debug */ = {
			isa = XCBuildConfiguration;
			buildSettings = {
				ALWAYS_SEARCH_USER_PATHS = NO;
				CLANG_ANALYZER_NONNULL = YES;
				CLANG_ANALYZER_NUMBER_OBJECT_CONVERSION = YES_AGGRESSIVE;
				CLANG_CXX_LANGUAGE_STANDARD = "gnu++0x";
				CLANG_CXX_LIBRARY = "libc++";
				CLANG_ENABLE_MODULES = YES;
				CLANG_ENABLE_OBJC_ARC = YES;
				CLANG_WARN_BOOL_CONVERSION = YES;
				CLANG_WARN_CONSTANT_CONVERSION = YES;
				CLANG_WARN_DIRECT_OBJC_ISA_USAGE = YES_ERROR;
				CLANG_WARN_DOCUMENTATION_COMMENTS = YES;
				CLANG_WARN_EMPTY_BODY = YES;
				CLANG_WARN_ENUM_CONVERSION = YES;
				CLANG_WARN_INFINITE_RECURSION = YES;
				CLANG_WARN_INT_CONVERSION = YES;
				CLANG_WARN_OBJC_ROOT_CLASS = YES_ERROR;
				CLANG_WARN_SUSPICIOUS_MOVE = YES;
				CLANG_WARN_UNREACHABLE_CODE = YES;
				CLANG_WARN__DUPLICATE_METHOD_MATCH = YES;
				"CODE_SIGN_IDENTITY[sdk=iphoneos*]" = "iPhone Developer";
				COPY_PHASE_STRIP = NO;
				DEBUG_INFORMATION_FORMAT = dwarf;
				ENABLE_STRICT_OBJC_MSGSEND = YES;
				ENABLE_TESTABILITY = YES;
				GCC_C_LANGUAGE_STANDARD = gnu99;
				GCC_DYNAMIC_NO_PIC = NO;
				GCC_NO_COMMON_BLOCKS = YES;
				GCC_OPTIMIZATION_LEVEL = 0;
				GCC_PREPROCESSOR_DEFINITIONS = (
					"DEBUG=1",
					"$(inherited)",
				);
				GCC_WARN_64_TO_32_BIT_CONVERSION = YES;
				GCC_WARN_ABOUT_RETURN_TYPE = YES_ERROR;
				GCC_WARN_UNDECLARED_SELECTOR = YES;
				GCC_WARN_UNINITIALIZED_AUTOS = YES_AGGRESSIVE;
				GCC_WARN_UNUSED_FUNCTION = YES;
				GCC_WARN_UNUSED_VARIABLE = YES;
				IPHONEOS_DEPLOYMENT_TARGET = 10.3;
				MTL_ENABLE_DEBUG_INFO = YES;
				ONLY_ACTIVE_ARCH = YES;
				SDKROOT = iphoneos;
				SWIFT_ACTIVE_COMPILATION_CONDITIONS = DEBUG;
				SWIFT_OPTIMIZATION_LEVEL = "-Onone";
				TARGETED_DEVICE_FAMILY = "1,2";
			};
			name = Debug;
		};
		84BC19151EF25DBF00D1C53A /* Release */ = {
			isa = XCBuildConfiguration;
			buildSettings = {
				ALWAYS_SEARCH_USER_PATHS = NO;
				CLANG_ANALYZER_NONNULL = YES;
				CLANG_ANALYZER_NUMBER_OBJECT_CONVERSION = YES_AGGRESSIVE;
				CLANG_CXX_LANGUAGE_STANDARD = "gnu++0x";
				CLANG_CXX_LIBRARY = "libc++";
				CLANG_ENABLE_MODULES = YES;
				CLANG_ENABLE_OBJC_ARC = YES;
				CLANG_WARN_BOOL_CONVERSION = YES;
				CLANG_WARN_CONSTANT_CONVERSION = YES;
				CLANG_WARN_DIRECT_OBJC_ISA_USAGE = YES_ERROR;
				CLANG_WARN_DOCUMENTATION_COMMENTS = YES;
				CLANG_WARN_EMPTY_BODY = YES;
				CLANG_WARN_ENUM_CONVERSION = YES;
				CLANG_WARN_INFINITE_RECURSION = YES;
				CLANG_WARN_INT_CONVERSION = YES;
				CLANG_WARN_OBJC_ROOT_CLASS = YES_ERROR;
				CLANG_WARN_SUSPICIOUS_MOVE = YES;
				CLANG_WARN_UNREACHABLE_CODE = YES;
				CLANG_WARN__DUPLICATE_METHOD_MATCH = YES;
				"CODE_SIGN_IDENTITY[sdk=iphoneos*]" = "iPhone Developer";
				COPY_PHASE_STRIP = NO;
				DEBUG_INFORMATION_FORMAT = "dwarf-with-dsym";
				ENABLE_NS_ASSERTIONS = NO;
				ENABLE_STRICT_OBJC_MSGSEND = YES;
				GCC_C_LANGUAGE_STANDARD = gnu99;
				GCC_NO_COMMON_BLOCKS = YES;
				GCC_WARN_64_TO_32_BIT_CONVERSION = YES;
				GCC_WARN_ABOUT_RETURN_TYPE = YES_ERROR;
				GCC_WARN_UNDECLARED_SELECTOR = YES;
				GCC_WARN_UNINITIALIZED_AUTOS = YES_AGGRESSIVE;
				GCC_WARN_UNUSED_FUNCTION = YES;
				GCC_WARN_UNUSED_VARIABLE = YES;
				IPHONEOS_DEPLOYMENT_TARGET = 10.3;
				MTL_ENABLE_DEBUG_INFO = NO;
				SDKROOT = iphoneos;
				SWIFT_OPTIMIZATION_LEVEL = "-Owholemodule";
				TARGETED_DEVICE_FAMILY = "1,2";
				VALIDATE_PRODUCT = YES;
			};
			name = Release;
		};
		84BC19171EF25DBF00D1C53A /* Debug */ = {
			isa = XCBuildConfiguration;
			baseConfigurationReference = 88C1EE4FE57CAC2583CE9820 /* Pods-WeiBo.debug.xcconfig */;
			buildSettings = {
				ASSETCATALOG_COMPILER_APPICON_NAME = AppIcon;
				DEVELOPMENT_TEAM = 6UB4948UM9;
				INFOPLIST_FILE = WeiBo/Info.plist;
				IPHONEOS_DEPLOYMENT_TARGET = 8.0;
				LD_RUNPATH_SEARCH_PATHS = "$(inherited) @executable_path/Frameworks";
				PRODUCT_BUNDLE_IDENTIFIER = HWW.WeiBo;
				PRODUCT_NAME = "$(TARGET_NAME)";
				SWIFT_OBJC_BRIDGING_HEADER = "WeiBo/WeiBo-Bridge.h";
				SWIFT_VERSION = 3.0;
			};
			name = Debug;
		};
		84BC19181EF25DBF00D1C53A /* Release */ = {
			isa = XCBuildConfiguration;
			baseConfigurationReference = A670D16908B6026874016E52 /* Pods-WeiBo.release.xcconfig */;
			buildSettings = {
				ASSETCATALOG_COMPILER_APPICON_NAME = AppIcon;
				DEVELOPMENT_TEAM = 6UB4948UM9;
				INFOPLIST_FILE = WeiBo/Info.plist;
				IPHONEOS_DEPLOYMENT_TARGET = 8.0;
				LD_RUNPATH_SEARCH_PATHS = "$(inherited) @executable_path/Frameworks";
				PRODUCT_BUNDLE_IDENTIFIER = HWW.WeiBo;
				PRODUCT_NAME = "$(TARGET_NAME)";
				SWIFT_OBJC_BRIDGING_HEADER = "WeiBo/WeiBo-Bridge.h";
				SWIFT_VERSION = 3.0;
			};
			name = Release;
		};
		84BC191A1EF25DBF00D1C53A /* Debug */ = {
			isa = XCBuildConfiguration;
			buildSettings = {
				ALWAYS_EMBED_SWIFT_STANDARD_LIBRARIES = YES;
				BUNDLE_LOADER = "$(TEST_HOST)";
				INFOPLIST_FILE = WeiBoTests/Info.plist;
				LD_RUNPATH_SEARCH_PATHS = "$(inherited) @executable_path/Frameworks @loader_path/Frameworks";
				PRODUCT_BUNDLE_IDENTIFIER = HWW.WeiBoTests;
				PRODUCT_NAME = "$(TARGET_NAME)";
				SWIFT_VERSION = 3.0;
				TEST_HOST = "$(BUILT_PRODUCTS_DIR)/WeiBo.app/WeiBo";
			};
			name = Debug;
		};
		84BC191B1EF25DBF00D1C53A /* Release */ = {
			isa = XCBuildConfiguration;
			buildSettings = {
				ALWAYS_EMBED_SWIFT_STANDARD_LIBRARIES = YES;
				BUNDLE_LOADER = "$(TEST_HOST)";
				INFOPLIST_FILE = WeiBoTests/Info.plist;
				LD_RUNPATH_SEARCH_PATHS = "$(inherited) @executable_path/Frameworks @loader_path/Frameworks";
				PRODUCT_BUNDLE_IDENTIFIER = HWW.WeiBoTests;
				PRODUCT_NAME = "$(TARGET_NAME)";
				SWIFT_VERSION = 3.0;
				TEST_HOST = "$(BUILT_PRODUCTS_DIR)/WeiBo.app/WeiBo";
			};
			name = Release;
		};
		84BC191D1EF25DBF00D1C53A /* Debug */ = {
			isa = XCBuildConfiguration;
			buildSettings = {
				ALWAYS_EMBED_SWIFT_STANDARD_LIBRARIES = YES;
				INFOPLIST_FILE = WeiBoUITests/Info.plist;
				LD_RUNPATH_SEARCH_PATHS = "$(inherited) @executable_path/Frameworks @loader_path/Frameworks";
				PRODUCT_BUNDLE_IDENTIFIER = HWW.WeiBoUITests;
				PRODUCT_NAME = "$(TARGET_NAME)";
				SWIFT_VERSION = 3.0;
				TEST_TARGET_NAME = WeiBo;
			};
			name = Debug;
		};
		84BC191E1EF25DBF00D1C53A /* Release */ = {
			isa = XCBuildConfiguration;
			buildSettings = {
				ALWAYS_EMBED_SWIFT_STANDARD_LIBRARIES = YES;
				INFOPLIST_FILE = WeiBoUITests/Info.plist;
				LD_RUNPATH_SEARCH_PATHS = "$(inherited) @executable_path/Frameworks @loader_path/Frameworks";
				PRODUCT_BUNDLE_IDENTIFIER = HWW.WeiBoUITests;
				PRODUCT_NAME = "$(TARGET_NAME)";
				SWIFT_VERSION = 3.0;
				TEST_TARGET_NAME = WeiBo;
			};
			name = Release;
		};
/* End XCBuildConfiguration section */

/* Begin XCConfigurationList section */
		84BC18E91EF25DBF00D1C53A /* Build configuration list for PBXProject "WeiBo" */ = {
			isa = XCConfigurationList;
			buildConfigurations = (
				84BC19141EF25DBF00D1C53A /* Debug */,
				84BC19151EF25DBF00D1C53A /* Release */,
			);
			defaultConfigurationIsVisible = 0;
			defaultConfigurationName = Release;
		};
		84BC19161EF25DBF00D1C53A /* Build configuration list for PBXNativeTarget "WeiBo" */ = {
			isa = XCConfigurationList;
			buildConfigurations = (
				84BC19171EF25DBF00D1C53A /* Debug */,
				84BC19181EF25DBF00D1C53A /* Release */,
			);
			defaultConfigurationIsVisible = 0;
			defaultConfigurationName = Release;
		};
		84BC19191EF25DBF00D1C53A /* Build configuration list for PBXNativeTarget "WeiBoTests" */ = {
			isa = XCConfigurationList;
			buildConfigurations = (
				84BC191A1EF25DBF00D1C53A /* Debug */,
				84BC191B1EF25DBF00D1C53A /* Release */,
			);
			defaultConfigurationIsVisible = 0;
			defaultConfigurationName = Release;
		};
		84BC191C1EF25DBF00D1C53A /* Build configuration list for PBXNativeTarget "WeiBoUITests" */ = {
			isa = XCConfigurationList;
			buildConfigurations = (
				84BC191D1EF25DBF00D1C53A /* Debug */,
				84BC191E1EF25DBF00D1C53A /* Release */,
			);
			defaultConfigurationIsVisible = 0;
			defaultConfigurationName = Release;
		};
/* End XCConfigurationList section */
	};
	rootObject = 84BC18E61EF25DBF00D1C53A /* Project object */;
}
